
Microsoft Visual Studio Solution File, Format Version 12.00
# Visual Studio Version 16
VisualStudioVersion = 16.0.30523.141
MinimumVisualStudioVersion = 10.0.40219.1
Project("{FAE04EC0-301F-11D3-BF4B-00C04F79EFBC}") = "WinFormAppEntityFramework", "WinFormAppEntityFramework.csproj", "{80BBE471-9521-4B15-8A51-0151F0AAD2F6}"
EndProject
Global
	GlobalSection(SolutionConfigurationPlatforms) = preSolution
		Debug|Any CPU = Debug|Any CPU
		Release|Any CPU = Release|Any CPU
	EndGlobalSection
	GlobalSection(ProjectConfigurationPlatforms) = postSolution
		{80BBE471-9521-4B15-8A51-0151F0AAD2F6}.Debug|Any CPU.ActiveCfg = Debug|Any CPU
		{80BBE471-9521-4B15-8A51-0151F0AAD2F6}.Debug|Any CPU.Build.0 = Debug|Any CPU
		{80BBE471-9521-4B15-8A51-0151F0AAD2F6}.Release|Any CPU.ActiveCfg = Release|Any CPU
		{80BBE471-9521-4B15-8A51-0151F0AAD2F6}.Release|Any CPU.Build.0 = Release|Any CPU
	EndGlobalSection
	GlobalSection(SolutionProperties) = preSolution
		HideSolutionNode = FALSE
	EndGlobalSection
	GlobalSection(ExtensibilityGlobals) = postSolution
		SolutionGuid = {0F9686C9-A56F-4972-B6AC-CF2DBCFF7495}
	EndGlobalSection
EndGlobal
